
Microsoft Visual Studio Solution File, Format Version 12.00
# Visual Studio Version 16
VisualStudioVersion = 16.0.29709.97
MinimumVisualStudioVersion = 10.0.40219.1
Project("{FAE04EC0-301F-11D3-BF4B-00C04F79EFBC}") = "Black_Jack", "Black_Jack\Black_Jack.csproj", "{A11B7982-8799-42CB-B18A-14F6CB89187A}"
EndProject
Global
	GlobalSection(SolutionConfigurationPlatforms) = preSolution
		Debug|Any CPU = Debug|Any CPU
		Release|Any CPU = Release|Any CPU
	EndGlobalSection
	GlobalSection(ProjectConfigurationPlatforms) = postSolution
		{A11B7982-8799-42CB-B18A-14F6CB89187A}.Debug|Any CPU.ActiveCfg = Debug|Any CPU
		{A11B7982-8799-42CB-B18A-14F6CB89187A}.Debug|Any CPU.Build.0 = Debug|Any CPU
		{A11B7982-8799-42CB-B18A-14F6CB89187A}.Release|Any CPU.ActiveCfg = Release|Any CPU
		{A11B7982-8799-42CB-B18A-14F6CB89187A}.Release|Any CPU.Build.0 = Release|Any CPU
	EndGlobalSection
	GlobalSection(SolutionProperties) = preSolution
		HideSolutionNode = FALSE
	EndGlobalSection
	GlobalSection(ExtensibilityGlobals) = postSolution
		SolutionGuid = {ADFCFBA3-6E94-4A58-A27A-C7A66A0BCB0A}
	EndGlobalSection
EndGlobal
